<?xml version="1.0" encoding="utf-8"?>
<Project ToolsVersion="4.0" xmlns="http://schemas.microsoft.com/developer/msbuild/2003">
  <ItemGroup>
    <ClCompile Include="TwSimpleDX11.cpp" />
    <ClCompile Include="sfinktah\GuiConsole\guicon.cpp">
      <Filter>GuiConsole</Filter>
    </ClCompile>
    <ClCompile Include="sfinktah\GuiConsole\guicontest.cpp">
      <Filter>GuiConsole</Filter>
    </ClCompile>
    <ClCompile Include="CryMemoryMagic.cpp" />
    <ClCompile Include="..\..\Plugin_D3D\src\CPluginD3D.cpp" />
    <ClCompile Include="..\..\Plugin_D3D\src\dx11\CD3DSystemDX11.cpp" />
    <ClCompile Include="..\..\CryHTML5\src\CPluginHTML5.cpp" />
    <ClCompile Include="..\..\CryHTML5\src\FullscreenTriangleDrawer.cpp" />
    <ClCompile Include="..\..\CEF\cefclient\browser\geometry_util.cc" />
    <ClCompile Include="..\..\CEF\cefclient\browser\util_win.cc" />
    <ClCompile Include="binding.cpp" />
    <ClCompile Include="..\..\CEF\cefclient\browser\osr_renderer.cc" />
    <ClCompile Include="..\..\CryHTML5\src\OsrWndProc.cpp" />
    <ClCompile Include="Tearless.cpp" />
  </ItemGroup>
  <ItemGroup>
    <ClInclude Include="sfinktah\sigslot.h" />
    <ClInclude Include="StaticTest.h" />
    <ClInclude Include="sfinktah\GuiConsole\guicon.h">
      <Filter>GuiConsole</Filter>
    </ClInclude>
    <ClInclude Include="sfinktah\GuiConsole\guicontest.h">
      <Filter>GuiConsole</Filter>
    </ClInclude>
    <ClInclude Include="FakePluginManager.h" />
    <ClInclude Include="TwSimpleDX11.h" />
    <ClInclude Include="..\..\Plugin_D3D\src\hooktools.h" />
    <ClInclude Include="..\..\CryHTML5\src\CEFRenderHandler.hpp" />
    <ClInclude Include="..\..\CryHTML5\src\CPluginHTML5.h" />
    <ClInclude Include="..\..\CryHTML5\src\FullscreenTriangleDrawer.h" />
    <ClInclude Include="..\..\Plugin_D3D\inc\IPluginD3D.h" />
    <ClInclude Include="..\..\CryHTML5\inc\IPluginHTML5.h" />
    <ClInclude Include="binding.h" />
    <ClInclude Include="..\..\CryHTML5\src\CEFHandler.hpp" />
    <ClInclude Include="..\..\CryHTML5\src\CEFQueryUrl.h" />
    <ClInclude Include="Tearless.h" />
  </ItemGroup>
  <ItemGroup>
    <Filter Include="GuiConsole">
      <UniqueIdentifier>{fe585131-e634-440e-93b9-b900bd5dc9ab}</UniqueIdentifier>
    </Filter>
  </ItemGroup>
  <ItemGroup>
    <None Include="ClassDiagram.cd" />
  </ItemGroup>
</Project>